
Microsoft Visual Studio Solution File, Format Version 12.00
# Visual Studio 15
Project("{FAE04EC0-301F-11D3-BF4B-00C04F79EFBC}") = "Assembly-CSharp", "Assembly-CSharp.csproj", "{FA61FF35-FBE6-F671-D8B4-4504A4056225}"
EndProject
Global
	GlobalSection(SolutionConfigurationPlatforms) = preSolution
		Debug|Any CPU = Debug|Any CPU
		Release|Any CPU = Release|Any CPU
	EndGlobalSection
	GlobalSection(ProjectConfigurationPlatforms) = postSolution
		{FA61FF35-FBE6-F671-D8B4-4504A4056225}.Debug|Any CPU.ActiveCfg = Debug|Any CPU
		{FA61FF35-FBE6-F671-D8B4-4504A4056225}.Debug|Any CPU.Build.0 = Debug|Any CPU
		{FA61FF35-FBE6-F671-D8B4-4504A4056225}.Release|Any CPU.ActiveCfg = Release|Any CPU
		{FA61FF35-FBE6-F671-D8B4-4504A4056225}.Release|Any CPU.Build.0 = Release|Any CPU
	EndGlobalSection
	GlobalSection(SolutionProperties) = preSolution
		HideSolutionNode = FALSE
	EndGlobalSection
EndGlobal
